
Microsoft Visual Studio Solution File, Format Version 12.00
# Visual Studio 14
VisualStudioVersion = 14.0.24720.0
MinimumVisualStudioVersion = 10.0.40219.1
Project("{FAE04EC0-301F-11D3-BF4B-00C04F79EFBC}") = "ToggleFeatures", "src\ToggleFeatures.csproj", "{4A572F87-88BD-40AB-9676-D66E05989D83}"
EndProject
Project("{2150E333-8FDC-42A3-9474-1A3956D46DE8}") = "Solution Items", "Solution Items", "{BB2CC9F9-C01E-47EA-8051-E2C8A3276CC9}"
	ProjectSection(SolutionItems) = preProject
		appveyor.yml = appveyor.yml
		README.md = README.md
	EndProjectSection
EndProject
Global
	GlobalSection(SolutionConfigurationPlatforms) = preSolution
		Debug|Any CPU = Debug|Any CPU
		Release|Any CPU = Release|Any CPU
	EndGlobalSection
	GlobalSection(ProjectConfigurationPlatforms) = postSolution
		{4A572F87-88BD-40AB-9676-D66E05989D83}.Debug|Any CPU.ActiveCfg = Debug|Any CPU
		{4A572F87-88BD-40AB-9676-D66E05989D83}.Debug|Any CPU.Build.0 = Debug|Any CPU
		{4A572F87-88BD-40AB-9676-D66E05989D83}.Release|Any CPU.ActiveCfg = Release|Any CPU
		{4A572F87-88BD-40AB-9676-D66E05989D83}.Release|Any CPU.Build.0 = Release|Any CPU
	EndGlobalSection
	GlobalSection(SolutionProperties) = preSolution
		HideSolutionNode = FALSE
	EndGlobalSection
EndGlobal
